
Microsoft Visual Studio Solution File, Format Version 12.00
# Visual Studio Version 16
VisualStudioVersion = 16.0.32228.343
MinimumVisualStudioVersion = 10.0.40219.1
Project("{9A19103F-16F7-4668-BE54-9A1E7A4F7556}") = "dvcsharp-core-api", "dvcsharp-core-api.csproj", "{B04E6244-8C9A-452E-A3B7-54EC404A704B}"
EndProject
Global
	GlobalSection(SolutionConfigurationPlatforms) = preSolution
		Debug|Any CPU = Debug|Any CPU
		Release|Any CPU = Release|Any CPU
	EndGlobalSection
	GlobalSection(ProjectConfigurationPlatforms) = postSolution
		{B04E6244-8C9A-452E-A3B7-54EC404A704B}.Debug|Any CPU.ActiveCfg = Debug|Any CPU
		{B04E6244-8C9A-452E-A3B7-54EC404A704B}.Debug|Any CPU.Build.0 = Debug|Any CPU
		{B04E6244-8C9A-452E-A3B7-54EC404A704B}.Release|Any CPU.ActiveCfg = Release|Any CPU
		{B04E6244-8C9A-452E-A3B7-54EC404A704B}.Release|Any CPU.Build.0 = Release|Any CPU
	EndGlobalSection
	GlobalSection(SolutionProperties) = preSolution
		HideSolutionNode = FALSE
	EndGlobalSection
	GlobalSection(ExtensibilityGlobals) = postSolution
		SolutionGuid = {8D94190C-2905-460C-9CD0-B8B28C405F98}
	EndGlobalSection
EndGlobal
